
Microsoft Visual Studio Solution File, Format Version 12.00
# Visual Studio 14
VisualStudioVersion = 14.0.25420.1
MinimumVisualStudioVersion = 10.0.40219.1
Project("{8BC9CEB8-8B4A-11D0-8D11-00A0C91BC942}") = "SSDEngine", "SSDEngine\SSDEngine.vcxproj", "{7F865C1F-0B11-44F2-88A7-3BB6E8C84295}"
EndProject
Project("{8BC9CEB8-8B4A-11D0-8D11-00A0C91BC942}") = "DirectXTex", "ThirdParty\DirectXTex-master\DirectXTex\DirectXTex_Desktop_2015_Win10.vcxproj", "{371B9FA9-4C90-4AC6-A123-ACED756D6C77}"
EndProject
Project("{8BC9CEB8-8B4A-11D0-8D11-00A0C91BC942}") = "FW1FontWrapper", "ThirdParty\FW1FontWrapper-master\FW1FontWrapper\FW1FontWrapper.vcxproj", "{9F62DB07-EA42-4388-82AB-E6FAA371F353}"
EndProject
Project("{8BC9CEB8-8B4A-11D0-8D11-00A0C91BC942}") = "ShaderStorage", "ShaderStorage\ShaderStorage.vcxproj", "{381E001B-3624-496F-B1F9-49C28CFB6ABF}"
EndProject
Project("{8BC9CEB8-8B4A-11D0-8D11-00A0C91BC942}") = "TestClient", "TestClient\TestClient.vcxproj", "{BB36207B-D5EA-4F0F-B87B-84934C5BB892}"
	ProjectSection(ProjectDependencies) = postProject
		{7F865C1F-0B11-44F2-88A7-3BB6E8C84295} = {7F865C1F-0B11-44F2-88A7-3BB6E8C84295}
		{FD3D44B0-C7F4-4BC5-AD5A-05BDE5DE21E8} = {FD3D44B0-C7F4-4BC5-AD5A-05BDE5DE21E8}
	EndProjectSection
EndProject
Project("{8BC9CEB8-8B4A-11D0-8D11-00A0C91BC942}") = "SSDMiddleWare", "SSDMiddleWare\SSDMiddleWare.vcxproj", "{FD3D44B0-C7F4-4BC5-AD5A-05BDE5DE21E8}"
	ProjectSection(ProjectDependencies) = postProject
		{7F865C1F-0B11-44F2-88A7-3BB6E8C84295} = {7F865C1F-0B11-44F2-88A7-3BB6E8C84295}
	EndProjectSection
EndProject
Project("{8BC9CEB8-8B4A-11D0-8D11-00A0C91BC942}") = "TestClient_Unity", "TestClient_Unity\TestClient_Unity.vcxproj", "{B5C75801-0B20-4B63-AD07-5512689DA396}"
EndProject
Project("{8BC9CEB8-8B4A-11D0-8D11-00A0C91BC942}") = "UnityMaker", "UnityMaker\UnityMaker.vcxproj", "{E57133DC-4B5E-46A6-A5E8-BC4D9C4BF243}"
EndProject
Project("{8BC9CEB8-8B4A-11D0-8D11-00A0C91BC942}") = "SSDServerEngine", "SSDServerEngine\SSDServerEngine.vcxproj", "{B4217656-849D-4C4E-BE76-5520F7D7FB62}"
EndProject
Project("{2150E333-8FDC-42A3-9474-1A3956D46DE8}") = "01. ThirdParty", "01. ThirdParty", "{6E30AA17-2D6E-4F49-B4F8-25405169C4A3}"
EndProject
Project("{2150E333-8FDC-42A3-9474-1A3956D46DE8}") = "02. Shaders", "02. Shaders", "{4FF197AD-16D3-4D3D-B141-F96A97FAF96E}"
EndProject
Project("{2150E333-8FDC-42A3-9474-1A3956D46DE8}") = "03. Engine", "03. Engine", "{D544F5B6-4E5D-4201-B2CE-AB5602822F61}"
EndProject
Project("{2150E333-8FDC-42A3-9474-1A3956D46DE8}") = "06. Server", "06. Server", "{8D5C9122-6C8A-41DC-95CF-E8ED81BF9709}"
EndProject
Project("{2150E333-8FDC-42A3-9474-1A3956D46DE8}") = "07. Test Client", "07. Test Client", "{39FC2608-A1BF-47C2-828B-A5BB68FDFB03}"
EndProject
Project("{2150E333-8FDC-42A3-9474-1A3956D46DE8}") = "04. Tool", "04. Tool", "{E1F2D5F1-FF59-4515-8C24-14B79BA9A15C}"
EndProject
Project("{8BC9CEB8-8B4A-11D0-8D11-00A0C91BC942}") = "SSDTool", "SSDTool\SSDTool.vcxproj", "{924329AF-5EF1-4CF3-A028-C97DBBD7D9A2}"
EndProject
Project("{8BC9CEB8-8B4A-11D0-8D11-00A0C91BC942}") = "SSDTool_Unity", "SSDTool_Unity\SSDTool_Unity.vcxproj", "{B6245019-1C8B-44B4-9324-E6B6193C3296}"
EndProject
Project("{2150E333-8FDC-42A3-9474-1A3956D46DE8}") = "01. ServerEngine", "01. ServerEngine", "{8B1C3081-98DC-40BA-A578-0486E38ABFE6}"
EndProject
Project("{2150E333-8FDC-42A3-9474-1A3956D46DE8}") = "02. LogicServer", "02. LogicServer", "{A52CE166-FD74-49C1-BB1A-6DDFE05BFC26}"
EndProject
Project("{2150E333-8FDC-42A3-9474-1A3956D46DE8}") = "03. ServerEditor", "03. ServerEditor", "{91CA4D9B-AF43-4C7F-9EF5-CD2D70F26923}"
EndProject
Project("{8BC9CEB8-8B4A-11D0-8D11-00A0C91BC942}") = "SSDServerEditor", "SSDServerEditor\SSDServerEditor.vcxproj", "{81AF0068-6864-475D-B236-ABA9D47BF9B8}"
EndProject
Project("{8BC9CEB8-8B4A-11D0-8D11-00A0C91BC942}") = "SSDGameServer", "SSDGameServer\SSDGameServer.vcxproj", "{C6C302AF-3190-4B4B-9AA0-C399B03BD404}"
EndProject
Project("{8BC9CEB8-8B4A-11D0-8D11-00A0C91BC942}") = "Recast", "Recast\Recast.vcxproj", "{D574F31D-976D-4F65-BD09-ABE2D9B3A192}"
EndProject
Project("{2150E333-8FDC-42A3-9474-1A3956D46DE8}") = "05. Client", "05. Client", "{ABD5AC46-2C5A-49AA-8B60-1257CFDADDD8}"
EndProject
Project("{8BC9CEB8-8B4A-11D0-8D11-00A0C91BC942}") = "DeadByDaylight_Client", "DeadByDaylight_Client\DeadByDaylight_Client.vcxproj", "{FA7E7D58-C574-4A8B-A2C6-DC5B827D464A}"
EndProject
Project("{8BC9CEB8-8B4A-11D0-8D11-00A0C91BC942}") = "DeadByDaylight", "DeadByDaylight\DeadByDaylight.vcxproj", "{A22A1EB7-0E6D-42C2-BEEF-331AB412381C}"
EndProject
Project("{2150E333-8FDC-42A3-9474-1A3956D46DE8}") = "08. Sample", "08. Sample", "{DC12A947-AECE-4743-B6B6-9D7FD1B4BF31}"
	ProjectSection(SolutionItems) = preProject
		EngineSample.txt = EngineSample.txt
		Sample\TestScenecpp.txt = Sample\TestScenecpp.txt
		Sample\TestSceneh.txt = Sample\TestSceneh.txt
	EndProjectSection
EndProject
Project("{8BC9CEB8-8B4A-11D0-8D11-00A0C91BC942}") = "SSDGameServer_Unity", "SSDGameServer_Unity\SSDGameServer_Unity.vcxproj", "{BCD52348-F7BB-453F-8313-416555049D2C}"
EndProject
Global
	GlobalSection(SolutionConfigurationPlatforms) = preSolution
		Debug|x64 = Debug|x64
		Debug|x86 = Debug|x86
		Profile|x64 = Profile|x64
		Profile|x86 = Profile|x86
		Release|x64 = Release|x64
		Release|x86 = Release|x86
	EndGlobalSection
	GlobalSection(ProjectConfigurationPlatforms) = postSolution
		{7F865C1F-0B11-44F2-88A7-3BB6E8C84295}.Debug|x64.ActiveCfg = Debug|x64
		{7F865C1F-0B11-44F2-88A7-3BB6E8C84295}.Debug|x64.Build.0 = Debug|x64
		{7F865C1F-0B11-44F2-88A7-3BB6E8C84295}.Debug|x86.ActiveCfg = Debug|Win32
		{7F865C1F-0B11-44F2-88A7-3BB6E8C84295}.Debug|x86.Build.0 = Debug|Win32
		{7F865C1F-0B11-44F2-88A7-3BB6E8C84295}.Profile|x64.ActiveCfg = Release|x64
		{7F865C1F-0B11-44F2-88A7-3BB6E8C84295}.Profile|x64.Build.0 = Release|x64
		{7F865C1F-0B11-44F2-88A7-3BB6E8C84295}.Profile|x86.ActiveCfg = Release|Win32
		{7F865C1F-0B11-44F2-88A7-3BB6E8C84295}.Profile|x86.Build.0 = Release|Win32
		{7F865C1F-0B11-44F2-88A7-3BB6E8C84295}.Release|x64.ActiveCfg = Release|x64
		{7F865C1F-0B11-44F2-88A7-3BB6E8C84295}.Release|x64.Build.0 = Release|x64
		{7F865C1F-0B11-44F2-88A7-3BB6E8C84295}.Release|x86.ActiveCfg = Release|Win32
		{7F865C1F-0B11-44F2-88A7-3BB6E8C84295}.Release|x86.Build.0 = Release|Win32
		{371B9FA9-4C90-4AC6-A123-ACED756D6C77}.Debug|x64.ActiveCfg = Debug|x64
		{371B9FA9-4C90-4AC6-A123-ACED756D6C77}.Debug|x64.Build.0 = Debug|x64
		{371B9FA9-4C90-4AC6-A123-ACED756D6C77}.Debug|x86.ActiveCfg = Debug|Win32
		{371B9FA9-4C90-4AC6-A123-ACED756D6C77}.Debug|x86.Build.0 = Debug|Win32
		{371B9FA9-4C90-4AC6-A123-ACED756D6C77}.Profile|x64.ActiveCfg = Profile|x64
		{371B9FA9-4C90-4AC6-A123-ACED756D6C77}.Profile|x64.Build.0 = Profile|x64
		{371B9FA9-4C90-4AC6-A123-ACED756D6C77}.Profile|x86.ActiveCfg = Profile|Win32
		{371B9FA9-4C90-4AC6-A123-ACED756D6C77}.Profile|x86.Build.0 = Profile|Win32
		{371B9FA9-4C90-4AC6-A123-ACED756D6C77}.Release|x64.ActiveCfg = Release|x64
		{371B9FA9-4C90-4AC6-A123-ACED756D6C77}.Release|x64.Build.0 = Release|x64
		{371B9FA9-4C90-4AC6-A123-ACED756D6C77}.Release|x86.ActiveCfg = Release|Win32
		{371B9FA9-4C90-4AC6-A123-ACED756D6C77}.Release|x86.Build.0 = Release|Win32
		{9F62DB07-EA42-4388-82AB-E6FAA371F353}.Debug|x64.ActiveCfg = Debug|x64
		{9F62DB07-EA42-4388-82AB-E6FAA371F353}.Debug|x64.Build.0 = Debug|x64
		{9F62DB07-EA42-4388-82AB-E6FAA371F353}.Debug|x86.ActiveCfg = Debug|Win32
		{9F62DB07-EA42-4388-82AB-E6FAA371F353}.Debug|x86.Build.0 = Debug|Win32
		{9F62DB07-EA42-4388-82AB-E6FAA371F353}.Profile|x64.ActiveCfg = Release|x64
		{9F62DB07-EA42-4388-82AB-E6FAA371F353}.Profile|x64.Build.0 = Release|x64
		{9F62DB07-EA42-4388-82AB-E6FAA371F353}.Profile|x86.ActiveCfg = Release|Win32
		{9F62DB07-EA42-4388-82AB-E6FAA371F353}.Profile|x86.Build.0 = Release|Win32
		{9F62DB07-EA42-4388-82AB-E6FAA371F353}.Release|x64.ActiveCfg = Release|x64
		{9F62DB07-EA42-4388-82AB-E6FAA371F353}.Release|x64.Build.0 = Release|x64
		{9F62DB07-EA42-4388-82AB-E6FAA371F353}.Release|x86.ActiveCfg = Release|Win32
		{9F62DB07-EA42-4388-82AB-E6FAA371F353}.Release|x86.Build.0 = Release|Win32
		{381E001B-3624-496F-B1F9-49C28CFB6ABF}.Debug|x64.ActiveCfg = Debug|x64
		{381E001B-3624-496F-B1F9-49C28CFB6ABF}.Debug|x64.Build.0 = Debug|x64
		{381E001B-3624-496F-B1F9-49C28CFB6ABF}.Debug|x86.ActiveCfg = Debug|Win32
		{381E001B-3624-496F-B1F9-49C28CFB6ABF}.Debug|x86.Build.0 = Debug|Win32
		{381E001B-3624-496F-B1F9-49C28CFB6ABF}.Profile|x64.ActiveCfg = SJ_FastDebug|x64
		{381E001B-3624-496F-B1F9-49C28CFB6ABF}.Profile|x64.Build.0 = SJ_FastDebug|x64
		{381E001B-3624-496F-B1F9-49C28CFB6ABF}.Profile|x86.ActiveCfg = SJ_FastDebug|Win32
		{381E001B-3624-496F-B1F9-49C28CFB6ABF}.Profile|x86.Build.0 = SJ_FastDebug|Win32
		{381E001B-3624-496F-B1F9-49C28CFB6ABF}.Release|x64.ActiveCfg = Release|x64
		{381E001B-3624-496F-B1F9-49C28CFB6ABF}.Release|x64.Build.0 = Release|x64
		{381E001B-3624-496F-B1F9-49C28CFB6ABF}.Release|x86.ActiveCfg = Release|Win32
		{381E001B-3624-496F-B1F9-49C28CFB6ABF}.Release|x86.Build.0 = Release|Win32
		{BB36207B-D5EA-4F0F-B87B-84934C5BB892}.Debug|x64.ActiveCfg = Debug|x64
		{BB36207B-D5EA-4F0F-B87B-84934C5BB892}.Debug|x64.Build.0 = Debug|x64
		{BB36207B-D5EA-4F0F-B87B-84934C5BB892}.Debug|x86.ActiveCfg = Debug|Win32
		{BB36207B-D5EA-4F0F-B87B-84934C5BB892}.Debug|x86.Build.0 = Debug|Win32
		{BB36207B-D5EA-4F0F-B87B-84934C5BB892}.Profile|x64.ActiveCfg = Release|x64
		{BB36207B-D5EA-4F0F-B87B-84934C5BB892}.Profile|x64.Build.0 = Release|x64
		{BB36207B-D5EA-4F0F-B87B-84934C5BB892}.Profile|x86.ActiveCfg = Release|Win32
		{BB36207B-D5EA-4F0F-B87B-84934C5BB892}.Profile|x86.Build.0 = Release|Win32
		{BB36207B-D5EA-4F0F-B87B-84934C5BB892}.Release|x64.ActiveCfg = Release|x64
		{BB36207B-D5EA-4F0F-B87B-84934C5BB892}.Release|x64.Build.0 = Release|x64
		{BB36207B-D5EA-4F0F-B87B-84934C5BB892}.Release|x86.ActiveCfg = Release|Win32
		{BB36207B-D5EA-4F0F-B87B-84934C5BB892}.Release|x86.Build.0 = Release|Win32
		{FD3D44B0-C7F4-4BC5-AD5A-05BDE5DE21E8}.Debug|x64.ActiveCfg = Debug|x64
		{FD3D44B0-C7F4-4BC5-AD5A-05BDE5DE21E8}.Debug|x64.Build.0 = Debug|x64
		{FD3D44B0-C7F4-4BC5-AD5A-05BDE5DE21E8}.Debug|x86.ActiveCfg = Debug|Win32
		{FD3D44B0-C7F4-4BC5-AD5A-05BDE5DE21E8}.Debug|x86.Build.0 = Debug|Win32
		{FD3D44B0-C7F4-4BC5-AD5A-05BDE5DE21E8}.Profile|x64.ActiveCfg = Release|x64
		{FD3D44B0-C7F4-4BC5-AD5A-05BDE5DE21E8}.Profile|x64.Build.0 = Release|x64
		{FD3D44B0-C7F4-4BC5-AD5A-05BDE5DE21E8}.Profile|x86.ActiveCfg = Release|Win32
		{FD3D44B0-C7F4-4BC5-AD5A-05BDE5DE21E8}.Profile|x86.Build.0 = Release|Win32
		{FD3D44B0-C7F4-4BC5-AD5A-05BDE5DE21E8}.Release|x64.ActiveCfg = Release|x64
		{FD3D44B0-C7F4-4BC5-AD5A-05BDE5DE21E8}.Release|x64.Build.0 = Release|x64
		{FD3D44B0-C7F4-4BC5-AD5A-05BDE5DE21E8}.Release|x86.ActiveCfg = Release|Win32
		{FD3D44B0-C7F4-4BC5-AD5A-05BDE5DE21E8}.Release|x86.Build.0 = Release|Win32
		{B5C75801-0B20-4B63-AD07-5512689DA396}.Debug|x64.ActiveCfg = Debug|x64
		{B5C75801-0B20-4B63-AD07-5512689DA396}.Debug|x64.Build.0 = Debug|x64
		{B5C75801-0B20-4B63-AD07-5512689DA396}.Debug|x86.ActiveCfg = Debug|Win32
		{B5C75801-0B20-4B63-AD07-5512689DA396}.Debug|x86.Build.0 = Debug|Win32
		{B5C75801-0B20-4B63-AD07-5512689DA396}.Profile|x64.ActiveCfg = Release|x64
		{B5C75801-0B20-4B63-AD07-5512689DA396}.Profile|x64.Build.0 = Release|x64
		{B5C75801-0B20-4B63-AD07-5512689DA396}.Profile|x86.ActiveCfg = Release|Win32
		{B5C75801-0B20-4B63-AD07-5512689DA396}.Profile|x86.Build.0 = Release|Win32
		{B5C75801-0B20-4B63-AD07-5512689DA396}.Release|x64.ActiveCfg = Release|x64
		{B5C75801-0B20-4B63-AD07-5512689DA396}.Release|x64.Build.0 = Release|x64
		{B5C75801-0B20-4B63-AD07-5512689DA396}.Release|x86.ActiveCfg = Release|Win32
		{B5C75801-0B20-4B63-AD07-5512689DA396}.Release|x86.Build.0 = Release|Win32
		{E57133DC-4B5E-46A6-A5E8-BC4D9C4BF243}.Debug|x64.ActiveCfg = Debug|x64
		{E57133DC-4B5E-46A6-A5E8-BC4D9C4BF243}.Debug|x64.Build.0 = Debug|x64
		{E57133DC-4B5E-46A6-A5E8-BC4D9C4BF243}.Debug|x86.ActiveCfg = Debug|Win32
		{E57133DC-4B5E-46A6-A5E8-BC4D9C4BF243}.Debug|x86.Build.0 = Debug|Win32
		{E57133DC-4B5E-46A6-A5E8-BC4D9C4BF243}.Profile|x64.ActiveCfg = Release|x64
		{E57133DC-4B5E-46A6-A5E8-BC4D9C4BF243}.Profile|x64.Build.0 = Release|x64
		{E57133DC-4B5E-46A6-A5E8-BC4D9C4BF243}.Profile|x86.ActiveCfg = Release|Win32
		{E57133DC-4B5E-46A6-A5E8-BC4D9C4BF243}.Profile|x86.Build.0 = Release|Win32
		{E57133DC-4B5E-46A6-A5E8-BC4D9C4BF243}.Release|x64.ActiveCfg = Release|x64
		{E57133DC-4B5E-46A6-A5E8-BC4D9C4BF243}.Release|x64.Build.0 = Release|x64
		{E57133DC-4B5E-46A6-A5E8-BC4D9C4BF243}.Release|x86.ActiveCfg = Release|Win32
		{E57133DC-4B5E-46A6-A5E8-BC4D9C4BF243}.Release|x86.Build.0 = Release|Win32
		{B4217656-849D-4C4E-BE76-5520F7D7FB62}.Debug|x64.ActiveCfg = Debug|x64
		{B4217656-849D-4C4E-BE76-5520F7D7FB62}.Debug|x64.Build.0 = Debug|x64
		{B4217656-849D-4C4E-BE76-5520F7D7FB62}.Debug|x86.ActiveCfg = Debug|Win32
		{B4217656-849D-4C4E-BE76-5520F7D7FB62}.Debug|x86.Build.0 = Debug|Win32
		{B4217656-849D-4C4E-BE76-5520F7D7FB62}.Profile|x64.ActiveCfg = Release|x64
		{B4217656-849D-4C4E-BE76-5520F7D7FB62}.Profile|x64.Build.0 = Release|x64
		{B4217656-849D-4C4E-BE76-5520F7D7FB62}.Profile|x86.ActiveCfg = Release|Win32
		{B4217656-849D-4C4E-BE76-5520F7D7FB62}.Profile|x86.Build.0 = Release|Win32
		{B4217656-849D-4C4E-BE76-5520F7D7FB62}.Release|x64.ActiveCfg = Release|x64
		{B4217656-849D-4C4E-BE76-5520F7D7FB62}.Release|x64.Build.0 = Release|x64
		{B4217656-849D-4C4E-BE76-5520F7D7FB62}.Release|x86.ActiveCfg = Release|Win32
		{B4217656-849D-4C4E-BE76-5520F7D7FB62}.Release|x86.Build.0 = Release|Win32
		{924329AF-5EF1-4CF3-A028-C97DBBD7D9A2}.Debug|x64.ActiveCfg = Debug|x64
		{924329AF-5EF1-4CF3-A028-C97DBBD7D9A2}.Debug|x64.Build.0 = Debug|x64
		{924329AF-5EF1-4CF3-A028-C97DBBD7D9A2}.Debug|x86.ActiveCfg = Debug|Win32
		{924329AF-5EF1-4CF3-A028-C97DBBD7D9A2}.Debug|x86.Build.0 = Debug|Win32
		{924329AF-5EF1-4CF3-A028-C97DBBD7D9A2}.Profile|x64.ActiveCfg = Release|x64
		{924329AF-5EF1-4CF3-A028-C97DBBD7D9A2}.Profile|x64.Build.0 = Release|x64
		{924329AF-5EF1-4CF3-A028-C97DBBD7D9A2}.Profile|x86.ActiveCfg = Release|Win32
		{924329AF-5EF1-4CF3-A028-C97DBBD7D9A2}.Profile|x86.Build.0 = Release|Win32
		{924329AF-5EF1-4CF3-A028-C97DBBD7D9A2}.Release|x64.ActiveCfg = Release|x64
		{924329AF-5EF1-4CF3-A028-C97DBBD7D9A2}.Release|x64.Build.0 = Release|x64
		{924329AF-5EF1-4CF3-A028-C97DBBD7D9A2}.Release|x86.ActiveCfg = Release|Win32
		{924329AF-5EF1-4CF3-A028-C97DBBD7D9A2}.Release|x86.Build.0 = Release|Win32
		{B6245019-1C8B-44B4-9324-E6B6193C3296}.Debug|x64.ActiveCfg = Debug|x64
		{B6245019-1C8B-44B4-9324-E6B6193C3296}.Debug|x64.Build.0 = Debug|x64
		{B6245019-1C8B-44B4-9324-E6B6193C3296}.Debug|x86.ActiveCfg = Debug|Win32
		{B6245019-1C8B-44B4-9324-E6B6193C3296}.Debug|x86.Build.0 = Debug|Win32
		{B6245019-1C8B-44B4-9324-E6B6193C3296}.Profile|x64.ActiveCfg = Release|x64
		{B6245019-1C8B-44B4-9324-E6B6193C3296}.Profile|x64.Build.0 = Release|x64
		{B6245019-1C8B-44B4-9324-E6B6193C3296}.Profile|x86.ActiveCfg = Release|Win32
		{B6245019-1C8B-44B4-9324-E6B6193C3296}.Profile|x86.Build.0 = Release|Win32
		{B6245019-1C8B-44B4-9324-E6B6193C3296}.Release|x64.ActiveCfg = Release|x64
		{B6245019-1C8B-44B4-9324-E6B6193C3296}.Release|x64.Build.0 = Release|x64
		{B6245019-1C8B-44B4-9324-E6B6193C3296}.Release|x86.ActiveCfg = Release|Win32
		{B6245019-1C8B-44B4-9324-E6B6193C3296}.Release|x86.Build.0 = Release|Win32
		{81AF0068-6864-475D-B236-ABA9D47BF9B8}.Debug|x64.ActiveCfg = Debug|x64
		{81AF0068-6864-475D-B236-ABA9D47BF9B8}.Debug|x64.Build.0 = Debug|x64
		{81AF0068-6864-475D-B236-ABA9D47BF9B8}.Debug|x86.ActiveCfg = Debug|Win32
		{81AF0068-6864-475D-B236-ABA9D47BF9B8}.Debug|x86.Build.0 = Debug|Win32
		{81AF0068-6864-475D-B236-ABA9D47BF9B8}.Profile|x64.ActiveCfg = Release|x64
		{81AF0068-6864-475D-B236-ABA9D47BF9B8}.Profile|x64.Build.0 = Release|x64
		{81AF0068-6864-475D-B236-ABA9D47BF9B8}.Profile|x86.ActiveCfg = Release|Win32
		{81AF0068-6864-475D-B236-ABA9D47BF9B8}.Profile|x86.Build.0 = Release|Win32
		{81AF0068-6864-475D-B236-ABA9D47BF9B8}.Release|x64.ActiveCfg = Release|x64
		{81AF0068-6864-475D-B236-ABA9D47BF9B8}.Release|x64.Build.0 = Release|x64
		{81AF0068-6864-475D-B236-ABA9D47BF9B8}.Release|x86.ActiveCfg = Release|Win32
		{81AF0068-6864-475D-B236-ABA9D47BF9B8}.Release|x86.Build.0 = Release|Win32
		{C6C302AF-3190-4B4B-9AA0-C399B03BD404}.Debug|x64.ActiveCfg = Debug|x64
		{C6C302AF-3190-4B4B-9AA0-C399B03BD404}.Debug|x64.Build.0 = Debug|x64
		{C6C302AF-3190-4B4B-9AA0-C399B03BD404}.Debug|x86.ActiveCfg = Debug|Win32
		{C6C302AF-3190-4B4B-9AA0-C399B03BD404}.Debug|x86.Build.0 = Debug|Win32
		{C6C302AF-3190-4B4B-9AA0-C399B03BD404}.Profile|x64.ActiveCfg = Release|x64
		{C6C302AF-3190-4B4B-9AA0-C399B03BD404}.Profile|x64.Build.0 = Release|x64
		{C6C302AF-3190-4B4B-9AA0-C399B03BD404}.Profile|x86.ActiveCfg = Release|Win32
		{C6C302AF-3190-4B4B-9AA0-C399B03BD404}.Profile|x86.Build.0 = Release|Win32
		{C6C302AF-3190-4B4B-9AA0-C399B03BD404}.Release|x64.ActiveCfg = Release|x64
		{C6C302AF-3190-4B4B-9AA0-C399B03BD404}.Release|x64.Build.0 = Release|x64
		{C6C302AF-3190-4B4B-9AA0-C399B03BD404}.Release|x86.ActiveCfg = Release|Win32
		{C6C302AF-3190-4B4B-9AA0-C399B03BD404}.Release|x86.Build.0 = Release|Win32
		{D574F31D-976D-4F65-BD09-ABE2D9B3A192}.Debug|x64.ActiveCfg = Debug|x64
		{D574F31D-976D-4F65-BD09-ABE2D9B3A192}.Debug|x64.Build.0 = Debug|x64
		{D574F31D-976D-4F65-BD09-ABE2D9B3A192}.Debug|x86.ActiveCfg = Debug|Win32
		{D574F31D-976D-4F65-BD09-ABE2D9B3A192}.Debug|x86.Build.0 = Debug|Win32
		{D574F31D-976D-4F65-BD09-ABE2D9B3A192}.Profile|x64.ActiveCfg = Release|x64
		{D574F31D-976D-4F65-BD09-ABE2D9B3A192}.Profile|x64.Build.0 = Release|x64
		{D574F31D-976D-4F65-BD09-ABE2D9B3A192}.Profile|x86.ActiveCfg = Release|Win32
		{D574F31D-976D-4F65-BD09-ABE2D9B3A192}.Profile|x86.Build.0 = Release|Win32
		{D574F31D-976D-4F65-BD09-ABE2D9B3A192}.Release|x64.ActiveCfg = Release|x64
		{D574F31D-976D-4F65-BD09-ABE2D9B3A192}.Release|x64.Build.0 = Release|x64
		{D574F31D-976D-4F65-BD09-ABE2D9B3A192}.Release|x86.ActiveCfg = Release|Win32
		{D574F31D-976D-4F65-BD09-ABE2D9B3A192}.Release|x86.Build.0 = Release|Win32
		{FA7E7D58-C574-4A8B-A2C6-DC5B827D464A}.Debug|x64.ActiveCfg = Debug|x64
		{FA7E7D58-C574-4A8B-A2C6-DC5B827D464A}.Debug|x64.Build.0 = Debug|x64
		{FA7E7D58-C574-4A8B-A2C6-DC5B827D464A}.Debug|x86.ActiveCfg = Debug|Win32
		{FA7E7D58-C574-4A8B-A2C6-DC5B827D464A}.Debug|x86.Build.0 = Debug|Win32
		{FA7E7D58-C574-4A8B-A2C6-DC5B827D464A}.Profile|x64.ActiveCfg = Release|x64
		{FA7E7D58-C574-4A8B-A2C6-DC5B827D464A}.Profile|x64.Build.0 = Release|x64
		{FA7E7D58-C574-4A8B-A2C6-DC5B827D464A}.Profile|x86.ActiveCfg = Release|Win32
		{FA7E7D58-C574-4A8B-A2C6-DC5B827D464A}.Profile|x86.Build.0 = Release|Win32
		{FA7E7D58-C574-4A8B-A2C6-DC5B827D464A}.Release|x64.ActiveCfg = Release|x64
		{FA7E7D58-C574-4A8B-A2C6-DC5B827D464A}.Release|x64.Build.0 = Release|x64
		{FA7E7D58-C574-4A8B-A2C6-DC5B827D464A}.Release|x86.ActiveCfg = Release|Win32
		{FA7E7D58-C574-4A8B-A2C6-DC5B827D464A}.Release|x86.Build.0 = Release|Win32
		{A22A1EB7-0E6D-42C2-BEEF-331AB412381C}.Debug|x64.ActiveCfg = Debug|x64
		{A22A1EB7-0E6D-42C2-BEEF-331AB412381C}.Debug|x64.Build.0 = Debug|x64
		{A22A1EB7-0E6D-42C2-BEEF-331AB412381C}.Debug|x86.ActiveCfg = Debug|Win32
		{A22A1EB7-0E6D-42C2-BEEF-331AB412381C}.Debug|x86.Build.0 = Debug|Win32
		{A22A1EB7-0E6D-42C2-BEEF-331AB412381C}.Profile|x64.ActiveCfg = Release|x64
		{A22A1EB7-0E6D-42C2-BEEF-331AB412381C}.Profile|x64.Build.0 = Release|x64
		{A22A1EB7-0E6D-42C2-BEEF-331AB412381C}.Profile|x86.ActiveCfg = Release|Win32
		{A22A1EB7-0E6D-42C2-BEEF-331AB412381C}.Profile|x86.Build.0 = Release|Win32
		{A22A1EB7-0E6D-42C2-BEEF-331AB412381C}.Release|x64.ActiveCfg = Release|x64
		{A22A1EB7-0E6D-42C2-BEEF-331AB412381C}.Release|x64.Build.0 = Release|x64
		{A22A1EB7-0E6D-42C2-BEEF-331AB412381C}.Release|x86.ActiveCfg = Release|Win32
		{A22A1EB7-0E6D-42C2-BEEF-331AB412381C}.Release|x86.Build.0 = Release|Win32
		{BCD52348-F7BB-453F-8313-416555049D2C}.Debug|x64.ActiveCfg = Debug|x64
		{BCD52348-F7BB-453F-8313-416555049D2C}.Debug|x64.Build.0 = Debug|x64
		{BCD52348-F7BB-453F-8313-416555049D2C}.Debug|x86.ActiveCfg = Debug|Win32
		{BCD52348-F7BB-453F-8313-416555049D2C}.Debug|x86.Build.0 = Debug|Win32
		{BCD52348-F7BB-453F-8313-416555049D2C}.Profile|x64.ActiveCfg = Release|x64
		{BCD52348-F7BB-453F-8313-416555049D2C}.Profile|x64.Build.0 = Release|x64
		{BCD52348-F7BB-453F-8313-416555049D2C}.Profile|x86.ActiveCfg = Release|Win32
		{BCD52348-F7BB-453F-8313-416555049D2C}.Profile|x86.Build.0 = Release|Win32
		{BCD52348-F7BB-453F-8313-416555049D2C}.Release|x64.ActiveCfg = Release|x64
		{BCD52348-F7BB-453F-8313-416555049D2C}.Release|x64.Build.0 = Release|x64
		{BCD52348-F7BB-453F-8313-416555049D2C}.Release|x86.ActiveCfg = Release|Win32
		{BCD52348-F7BB-453F-8313-416555049D2C}.Release|x86.Build.0 = Release|Win32
	EndGlobalSection
	GlobalSection(SolutionProperties) = preSolution
		HideSolutionNode = FALSE
	EndGlobalSection
	GlobalSection(NestedProjects) = preSolution
		{7F865C1F-0B11-44F2-88A7-3BB6E8C84295} = {D544F5B6-4E5D-4201-B2CE-AB5602822F61}
		{371B9FA9-4C90-4AC6-A123-ACED756D6C77} = {6E30AA17-2D6E-4F49-B4F8-25405169C4A3}
		{9F62DB07-EA42-4388-82AB-E6FAA371F353} = {6E30AA17-2D6E-4F49-B4F8-25405169C4A3}
		{381E001B-3624-496F-B1F9-49C28CFB6ABF} = {4FF197AD-16D3-4D3D-B141-F96A97FAF96E}
		{BB36207B-D5EA-4F0F-B87B-84934C5BB892} = {39FC2608-A1BF-47C2-828B-A5BB68FDFB03}
		{FD3D44B0-C7F4-4BC5-AD5A-05BDE5DE21E8} = {D544F5B6-4E5D-4201-B2CE-AB5602822F61}
		{B5C75801-0B20-4B63-AD07-5512689DA396} = {39FC2608-A1BF-47C2-828B-A5BB68FDFB03}
		{E57133DC-4B5E-46A6-A5E8-BC4D9C4BF243} = {6E30AA17-2D6E-4F49-B4F8-25405169C4A3}
		{B4217656-849D-4C4E-BE76-5520F7D7FB62} = {8B1C3081-98DC-40BA-A578-0486E38ABFE6}
		{924329AF-5EF1-4CF3-A028-C97DBBD7D9A2} = {E1F2D5F1-FF59-4515-8C24-14B79BA9A15C}
		{B6245019-1C8B-44B4-9324-E6B6193C3296} = {E1F2D5F1-FF59-4515-8C24-14B79BA9A15C}
		{8B1C3081-98DC-40BA-A578-0486E38ABFE6} = {8D5C9122-6C8A-41DC-95CF-E8ED81BF9709}
		{A52CE166-FD74-49C1-BB1A-6DDFE05BFC26} = {8D5C9122-6C8A-41DC-95CF-E8ED81BF9709}
		{91CA4D9B-AF43-4C7F-9EF5-CD2D70F26923} = {8D5C9122-6C8A-41DC-95CF-E8ED81BF9709}
		{81AF0068-6864-475D-B236-ABA9D47BF9B8} = {91CA4D9B-AF43-4C7F-9EF5-CD2D70F26923}
		{C6C302AF-3190-4B4B-9AA0-C399B03BD404} = {A52CE166-FD74-49C1-BB1A-6DDFE05BFC26}
		{D574F31D-976D-4F65-BD09-ABE2D9B3A192} = {6E30AA17-2D6E-4F49-B4F8-25405169C4A3}
		{FA7E7D58-C574-4A8B-A2C6-DC5B827D464A} = {ABD5AC46-2C5A-49AA-8B60-1257CFDADDD8}
		{A22A1EB7-0E6D-42C2-BEEF-331AB412381C} = {ABD5AC46-2C5A-49AA-8B60-1257CFDADDD8}
		{BCD52348-F7BB-453F-8313-416555049D2C} = {A52CE166-FD74-49C1-BB1A-6DDFE05BFC26}
	EndGlobalSection
	GlobalSection(ExtensibilityGlobals) = postSolution
		SolutionGuid = {BA3209B3-7CF3-4B6A-8A4F-9F5ACA297985}
	EndGlobalSection
EndGlobal
